// !$*UTF8*$!
{
	archiveVersion = 1;
	classes = {
	};
	objectVersion = 51;
	objects = {

/* Begin PBXBuildFile section */
		9547C493EAB145547C42543B /* Pods_Umbrella.framework in Frameworks */ = {isa = PBXBuildFile; fileRef = ADF0058B0813DC4F093209A0 /* Pods_Umbrella.framework */; };
		A166CFBE2430B682007E5A89 /* SessionStore.swift in Sources */ = {isa = PBXBuildFile; fileRef = A166CFBD2430B682007E5A89 /* SessionStore.swift */; };
		A18391222403C880001CFC62 /* AppDelegate.swift in Sources */ = {isa = PBXBuildFile; fileRef = A18391212403C880001CFC62 /* AppDelegate.swift */; };
		A18391242403C881001CFC62 /* SceneDelegate.swift in Sources */ = {isa = PBXBuildFile; fileRef = A18391232403C881001CFC62 /* SceneDelegate.swift */; };
		A18391262403C881001CFC62 /* ContentView.swift in Sources */ = {isa = PBXBuildFile; fileRef = A18391252403C881001CFC62 /* ContentView.swift */; };
		A18391282403C884001CFC62 /* Assets.xcassets in Resources */ = {isa = PBXBuildFile; fileRef = A18391272403C884001CFC62 /* Assets.xcassets */; };
		A183912B2403C884001CFC62 /* Preview Assets.xcassets in Resources */ = {isa = PBXBuildFile; fileRef = A183912A2403C884001CFC62 /* Preview Assets.xcassets */; };
		A183912E2403C884001CFC62 /* LaunchScreen.storyboard in Resources */ = {isa = PBXBuildFile; fileRef = A183912C2403C884001CFC62 /* LaunchScreen.storyboard */; };
		A18391362403C9AB001CFC62 /* GoogleService-Info.plist in Resources */ = {isa = PBXBuildFile; fileRef = A18391352403C9AB001CFC62 /* GoogleService-Info.plist */; };
		A1F44C46242F6C440019EE23 /* Constants.swift in Sources */ = {isa = PBXBuildFile; fileRef = A1F44C45242F6C440019EE23 /* Constants.swift */; };
		A1F44C48242F76570019EE23 /* HomeView.swift in Sources */ = {isa = PBXBuildFile; fileRef = A1F44C47242F76570019EE23 /* HomeView.swift */; };
		A1F44C4A242F766A0019EE23 /* SwiftUIView.swift in Sources */ = {isa = PBXBuildFile; fileRef = A1F44C49242F766A0019EE23 /* SwiftUIView.swift */; };
		A1F44C4C242F76760019EE23 /* ReviewsView.swift in Sources */ = {isa = PBXBuildFile; fileRef = A1F44C4B242F76760019EE23 /* ReviewsView.swift */; };
		A1F44C4E242F76890019EE23 /* AccountView.swift in Sources */ = {isa = PBXBuildFile; fileRef = A1F44C4D242F76890019EE23 /* AccountView.swift */; };
		A1F44C50242F76C80019EE23 /* BookingView.swift in Sources */ = {isa = PBXBuildFile; fileRef = A1F44C4F242F76C80019EE23 /* BookingView.swift */; };
		A1FF194E2430EF0600805816 /* LoginView.swift in Sources */ = {isa = PBXBuildFile; fileRef = A1FF194D2430EF0600805816 /* LoginView.swift */; };
/* End PBXBuildFile section */

/* Begin PBXFileReference section */
		5E7FCF181BCCD0EFDB53B0B2 /* Pods-Umbrella.debug.xcconfig */ = {isa = PBXFileReference; includeInIndex = 1; lastKnownFileType = text.xcconfig; name = "Pods-Umbrella.debug.xcconfig"; path = "Target Support Files/Pods-Umbrella/Pods-Umbrella.debug.xcconfig"; sourceTree = "<group>"; };
		A15A02D8243A2F3E0087DE75 /* Umbrella.entitlements */ = {isa = PBXFileReference; lastKnownFileType = text.plist.entitlements; path = Umbrella.entitlements; sourceTree = "<group>"; };
		A166CFBD2430B682007E5A89 /* SessionStore.swift */ = {isa = PBXFileReference; lastKnownFileType = sourcecode.swift; path = SessionStore.swift; sourceTree = "<group>"; };
		A183911E2403C880001CFC62 /* Umbrella.app */ = {isa = PBXFileReference; explicitFileType = wrapper.application; includeInIndex = 0; path = Umbrella.app; sourceTree = BUILT_PRODUCTS_DIR; };
		A18391212403C880001CFC62 /* AppDelegate.swift */ = {isa = PBXFileReference; lastKnownFileType = sourcecode.swift; path = AppDelegate.swift; sourceTree = "<group>"; };
		A18391232403C881001CFC62 /* SceneDelegate.swift */ = {isa = PBXFileReference; lastKnownFileType = sourcecode.swift; path = SceneDelegate.swift; sourceTree = "<group>"; };
		A18391252403C881001CFC62 /* ContentView.swift */ = {isa = PBXFileReference; lastKnownFileType = sourcecode.swift; path = ContentView.swift; sourceTree = "<group>"; };
		A18391272403C884001CFC62 /* Assets.xcassets */ = {isa = PBXFileReference; lastKnownFileType = folder.assetcatalog; path = Assets.xcassets; sourceTree = "<group>"; };
		A183912A2403C884001CFC62 /* Preview Assets.xcassets */ = {isa = PBXFileReference; lastKnownFileType = folder.assetcatalog; path = "Preview Assets.xcassets"; sourceTree = "<group>"; };
		A183912D2403C884001CFC62 /* Base */ = {isa = PBXFileReference; lastKnownFileType = file.storyboard; name = Base; path = Base.lproj/LaunchScreen.storyboard; sourceTree = "<group>"; };
		A183912F2403C884001CFC62 /* Info.plist */ = {isa = PBXFileReference; lastKnownFileType = text.plist.xml; path = Info.plist; sourceTree = "<group>"; };
		A18391352403C9AB001CFC62 /* GoogleService-Info.plist */ = {isa = PBXFileReference; fileEncoding = 4; lastKnownFileType = text.plist.xml; path = "GoogleService-Info.plist"; sourceTree = "<group>"; };
		A1F44C45242F6C440019EE23 /* Constants.swift */ = {isa = PBXFileReference; lastKnownFileType = sourcecode.swift; path = Constants.swift; sourceTree = "<group>"; };
		A1F44C47242F76570019EE23 /* HomeView.swift */ = {isa = PBXFileReference; lastKnownFileType = sourcecode.swift; path = HomeView.swift; sourceTree = "<group>"; };
		A1F44C49242F766A0019EE23 /* SwiftUIView.swift */ = {isa = PBXFileReference; lastKnownFileType = sourcecode.swift; path = SwiftUIView.swift; sourceTree = "<group>"; };
		A1F44C4B242F76760019EE23 /* ReviewsView.swift */ = {isa = PBXFileReference; lastKnownFileType = sourcecode.swift; path = ReviewsView.swift; sourceTree = "<group>"; };
		A1F44C4D242F76890019EE23 /* AccountView.swift */ = {isa = PBXFileReference; lastKnownFileType = sourcecode.swift; path = AccountView.swift; sourceTree = "<group>"; };
		A1F44C4F242F76C80019EE23 /* BookingView.swift */ = {isa = PBXFileReference; lastKnownFileType = sourcecode.swift; path = BookingView.swift; sourceTree = "<group>"; };
		A1FF194D2430EF0600805816 /* LoginView.swift */ = {isa = PBXFileReference; lastKnownFileType = sourcecode.swift; path = LoginView.swift; sourceTree = "<group>"; };
		ADF0058B0813DC4F093209A0 /* Pods_Umbrella.framework */ = {isa = PBXFileReference; explicitFileType = wrapper.framework; includeInIndex = 0; path = Pods_Umbrella.framework; sourceTree = BUILT_PRODUCTS_DIR; };
		D300B9CB7D172B0A145F1163 /* Pods-Umbrella.release.xcconfig */ = {isa = PBXFileReference; includeInIndex = 1; lastKnownFileType = text.xcconfig; name = "Pods-Umbrella.release.xcconfig"; path = "Target Support Files/Pods-Umbrella/Pods-Umbrella.release.xcconfig"; sourceTree = "<group>"; };
/* End PBXFileReference section */

/* Begin PBXFrameworksBuildPhase section */
		A183911B2403C880001CFC62 /* Frameworks */ = {
			isa = PBXFrameworksBuildPhase;
			buildActionMask = 2147483647;
			files = (
				9547C493EAB145547C42543B /* Pods_Umbrella.framework in Frameworks */,
			);
			runOnlyForDeploymentPostprocessing = 0;
		};
/* End PBXFrameworksBuildPhase section */

/* Begin PBXGroup section */
		82D8F32BDA9EB4BC69DB641D /* Frameworks */ = {
			isa = PBXGroup;
			children = (
				ADF0058B0813DC4F093209A0 /* Pods_Umbrella.framework */,
			);
			name = Frameworks;
			sourceTree = "<group>";
		};
		A03E134E5B67ED06267A48BA /* Pods */ = {
			isa = PBXGroup;
			children = (
				5E7FCF181BCCD0EFDB53B0B2 /* Pods-Umbrella.debug.xcconfig */,
				D300B9CB7D172B0A145F1163 /* Pods-Umbrella.release.xcconfig */,
			);
			path = Pods;
			sourceTree = "<group>";
		};
		A18391152403C880001CFC62 = {
			isa = PBXGroup;
			children = (
				A18391202403C880001CFC62 /* Umbrella */,
				A183911F2403C880001CFC62 /* Products */,
				A03E134E5B67ED06267A48BA /* Pods */,
				82D8F32BDA9EB4BC69DB641D /* Frameworks */,
			);
			sourceTree = "<group>";
		};
		A183911F2403C880001CFC62 /* Products */ = {
			isa = PBXGroup;
			children = (
				A183911E2403C880001CFC62 /* Umbrella.app */,
			);
			name = Products;
			sourceTree = "<group>";
		};
		A18391202403C880001CFC62 /* Umbrella */ = {
			isa = PBXGroup;
			children = (
				A15A02D8243A2F3E0087DE75 /* Umbrella.entitlements */,
				A18391352403C9AB001CFC62 /* GoogleService-Info.plist */,
				A18391212403C880001CFC62 /* AppDelegate.swift */,
				A18391232403C881001CFC62 /* SceneDelegate.swift */,
				A18391252403C881001CFC62 /* ContentView.swift */,
				A1F44C45242F6C440019EE23 /* Constants.swift */,
				A1F44C49242F766A0019EE23 /* SwiftUIView.swift */,
				A18391272403C884001CFC62 /* Assets.xcassets */,
				A183912C2403C884001CFC62 /* LaunchScreen.storyboard */,
				A183912F2403C884001CFC62 /* Info.plist */,
				A18391292403C884001CFC62 /* Preview Content */,
				A1F44C47242F76570019EE23 /* HomeView.swift */,
				A1F44C4F242F76C80019EE23 /* BookingView.swift */,
				A1F44C4B242F76760019EE23 /* ReviewsView.swift */,
				A1F44C4D242F76890019EE23 /* AccountView.swift */,
				A166CFBD2430B682007E5A89 /* SessionStore.swift */,
				A1FF194D2430EF0600805816 /* LoginView.swift */,
			);
			path = Umbrella;
			sourceTree = "<group>";
		};
		A18391292403C884001CFC62 /* Preview Content */ = {
			isa = PBXGroup;
			children = (
				A183912A2403C884001CFC62 /* Preview Assets.xcassets */,
			);
			path = "Preview Content";
			sourceTree = "<group>";
		};
/* End PBXGroup section */

/* Begin PBXNativeTarget section */
		A183911D2403C880001CFC62 /* Umbrella */ = {
			isa = PBXNativeTarget;
			buildConfigurationList = A18391322403C884001CFC62 /* Build configuration list for PBXNativeTarget "Umbrella" */;
			buildPhases = (
				9333C5E46FF72810F407F523 /* [CP] Check Pods Manifest.lock */,
				A183911A2403C880001CFC62 /* Sources */,
				A183911B2403C880001CFC62 /* Frameworks */,
				A183911C2403C880001CFC62 /* Resources */,
				89EB735C8432B8D8BD0EFC57 /* [CP] Embed Pods Frameworks */,
				674F079834AB367DD101F2FF /* [CP] Copy Pods Resources */,
			);
			buildRules = (
			);
			dependencies = (
			);
			name = Umbrella;
			productName = Umbrella;
			productReference = A183911E2403C880001CFC62 /* Umbrella.app */;
			productType = "com.apple.product-type.application";
		};
/* End PBXNativeTarget section */

/* Begin PBXProject section */
		A18391162403C880001CFC62 /* Project object */ = {
			isa = PBXProject;
			attributes = {
				LastSwiftUpdateCheck = 1120;
				LastUpgradeCheck = 1120;
				ORGANIZATIONNAME = "Ettore Zamponi";
				TargetAttributes = {
					A183911D2403C880001CFC62 = {
						CreatedOnToolsVersion = 11.2;
					};
				};
			};
			buildConfigurationList = A18391192403C880001CFC62 /* Build configuration list for PBXProject "Umbrella" */;
			compatibilityVersion = "Xcode 9.3";
			developmentRegion = en;
			hasScannedForEncodings = 0;
			knownRegions = (
				en,
				Base,
			);
			mainGroup = A18391152403C880001CFC62;
			productRefGroup = A183911F2403C880001CFC62 /* Products */;
			projectDirPath = "";
			projectRoot = "";
			targets = (
				A183911D2403C880001CFC62 /* Umbrella */,
			);
		};
/* End PBXProject section */

/* Begin PBXResourcesBuildPhase section */
		A183911C2403C880001CFC62 /* Resources */ = {
			isa = PBXResourcesBuildPhase;
			buildActionMask = 2147483647;
			files = (
				A183912E2403C884001CFC62 /* LaunchScreen.storyboard in Resources */,
				A18391362403C9AB001CFC62 /* GoogleService-Info.plist in Resources */,
				A183912B2403C884001CFC62 /* Preview Assets.xcassets in Resources */,
				A18391282403C884001CFC62 /* Assets.xcassets in Resources */,
			);
			runOnlyForDeploymentPostprocessing = 0;
		};
/* End PBXResourcesBuildPhase section */

/* Begin PBXShellScriptBuildPhase section */
		674F079834AB367DD101F2FF /* [CP] Copy Pods Resources */ = {
			isa = PBXShellScriptBuildPhase;
			buildActionMask = 2147483647;
			files = (
			);
			inputFileListPaths = (
				"${PODS_ROOT}/Target Support Files/Pods-Umbrella/Pods-Umbrella-resources-${CONFIGURATION}-input-files.xcfilelist",
			);
			name = "[CP] Copy Pods Resources";
			outputFileListPaths = (
				"${PODS_ROOT}/Target Support Files/Pods-Umbrella/Pods-Umbrella-resources-${CONFIGURATION}-output-files.xcfilelist",
			);
			runOnlyForDeploymentPostprocessing = 0;
			shellPath = /bin/sh;
			shellScript = "\"${PODS_ROOT}/Target Support Files/Pods-Umbrella/Pods-Umbrella-resources.sh\"\n";
			showEnvVarsInLog = 0;
		};
		89EB735C8432B8D8BD0EFC57 /* [CP] Embed Pods Frameworks */ = {
			isa = PBXShellScriptBuildPhase;
			buildActionMask = 2147483647;
			files = (
			);
			inputFileListPaths = (
				"${PODS_ROOT}/Target Support Files/Pods-Umbrella/Pods-Umbrella-frameworks-${CONFIGURATION}-input-files.xcfilelist",
			);
			name = "[CP] Embed Pods Frameworks";
			outputFileListPaths = (
				"${PODS_ROOT}/Target Support Files/Pods-Umbrella/Pods-Umbrella-frameworks-${CONFIGURATION}-output-files.xcfilelist",
			);
			runOnlyForDeploymentPostprocessing = 0;
			shellPath = /bin/sh;
			shellScript = "\"${PODS_ROOT}/Target Support Files/Pods-Umbrella/Pods-Umbrella-frameworks.sh\"\n";
			showEnvVarsInLog = 0;
		};
		9333C5E46FF72810F407F523 /* [CP] Check Pods Manifest.lock */ = {
			isa = PBXShellScriptBuildPhase;
			buildActionMask = 2147483647;
			files = (
			);
			inputFileListPaths = (
			);
			inputPaths = (
				"${PODS_PODFILE_DIR_PATH}/Podfile.lock",
				"${PODS_ROOT}/Manifest.lock",
			);
			name = "[CP] Check Pods Manifest.lock";
			outputFileListPaths = (
			);
			outputPaths = (
				"$(DERIVED_FILE_DIR)/Pods-Umbrella-checkManifestLockResult.txt",
			);
			runOnlyForDeploymentPostprocessing = 0;
			shellPath = /bin/sh;
			shellScript = "diff \"${PODS_PODFILE_DIR_PATH}/Podfile.lock\" \"${PODS_ROOT}/Manifest.lock\" > /dev/null\nif [ $? != 0 ] ; then\n    # print error to STDERR\n    echo \"error: The sandbox is not in sync with the Podfile.lock. Run 'pod install' or update your CocoaPods installation.\" >&2\n    exit 1\nfi\n# This output is used by Xcode 'outputs' to avoid re-running this script phase.\necho \"SUCCESS\" > \"${SCRIPT_OUTPUT_FILE_0}\"\n";
			showEnvVarsInLog = 0;
		};
/* End PBXShellScriptBuildPhase section */

/* Begin PBXSourcesBuildPhase section */
		A183911A2403C880001CFC62 /* Sources */ = {
			isa = PBXSourcesBuildPhase;
			buildActionMask = 2147483647;
			files = (
				A18391222403C880001CFC62 /* AppDelegate.swift in Sources */,
				A18391242403C881001CFC62 /* SceneDelegate.swift in Sources */,
				A1F44C4A242F766A0019EE23 /* SwiftUIView.swift in Sources */,
				A1F44C50242F76C80019EE23 /* BookingView.swift in Sources */,
				A1F44C4C242F76760019EE23 /* ReviewsView.swift in Sources */,
				A1F44C4E242F76890019EE23 /* AccountView.swift in Sources */,
				A166CFBE2430B682007E5A89 /* SessionStore.swift in Sources */,
				A18391262403C881001CFC62 /* ContentView.swift in Sources */,
				A1FF194E2430EF0600805816 /* LoginView.swift in Sources */,
				A1F44C48242F76570019EE23 /* HomeView.swift in Sources */,
				A1F44C46242F6C440019EE23 /* Constants.swift in Sources */,
			);
			runOnlyForDeploymentPostprocessing = 0;
		};
/* End PBXSourcesBuildPhase section */

/* Begin PBXVariantGroup section */
		A183912C2403C884001CFC62 /* LaunchScreen.storyboard */ = {
			isa = PBXVariantGroup;
			children = (
				A183912D2403C884001CFC62 /* Base */,
			);
			name = LaunchScreen.storyboard;
			sourceTree = "<group>";
		};
/* End PBXVariantGroup section */

/* Begin XCBuildConfiguration section */
		A18391302403C884001CFC62 /* Debug */ = {
			isa = XCBuildConfiguration;
			buildSettings = {
				ALWAYS_SEARCH_USER_PATHS = NO;
				CLANG_ANALYZER_NONNULL = YES;
				CLANG_ANALYZER_NUMBER_OBJECT_CONVERSION = YES_AGGRESSIVE;
				CLANG_CXX_LANGUAGE_STANDARD = "gnu++14";
				CLANG_CXX_LIBRARY = "libc++";
				CLANG_ENABLE_MODULES = YES;
				CLANG_ENABLE_OBJC_ARC = YES;
				CLANG_ENABLE_OBJC_WEAK = YES;
				CLANG_WARN_BLOCK_CAPTURE_AUTORELEASING = YES;
				CLANG_WARN_BOOL_CONVERSION = YES;
				CLANG_WARN_COMMA = YES;
				CLANG_WARN_CONSTANT_CONVERSION = YES;
				CLANG_WARN_DEPRECATED_OBJC_IMPLEMENTATIONS = YES;
				CLANG_WARN_DIRECT_OBJC_ISA_USAGE = YES_ERROR;
				CLANG_WARN_DOCUMENTATION_COMMENTS = YES;
				CLANG_WARN_EMPTY_BODY = YES;
				CLANG_WARN_ENUM_CONVERSION = YES;
				CLANG_WARN_INFINITE_RECURSION = YES;
				CLANG_WARN_INT_CONVERSION = YES;
				CLANG_WARN_NON_LITERAL_NULL_CONVERSION = YES;
				CLANG_WARN_OBJC_IMPLICIT_RETAIN_SELF = YES;
				CLANG_WARN_OBJC_LITERAL_CONVERSION = YES;
				CLANG_WARN_OBJC_ROOT_CLASS = YES_ERROR;
				CLANG_WARN_RANGE_LOOP_ANALYSIS = YES;
				CLANG_WARN_STRICT_PROTOTYPES = YES;
				CLANG_WARN_SUSPICIOUS_MOVE = YES;
				CLANG_WARN_UNGUARDED_AVAILABILITY = YES_AGGRESSIVE;
				CLANG_WARN_UNREACHABLE_CODE = YES;
				CLANG_WARN__DUPLICATE_METHOD_MATCH = YES;
				COPY_PHASE_STRIP = NO;
				DEBUG_INFORMATION_FORMAT = dwarf;
				ENABLE_STRICT_OBJC_MSGSEND = YES;
				ENABLE_TESTABILITY = YES;
				GCC_C_LANGUAGE_STANDARD = gnu11;
				GCC_DYNAMIC_NO_PIC = NO;
				GCC_NO_COMMON_BLOCKS = YES;
				GCC_OPTIMIZATION_LEVEL = 0;
				GCC_PREPROCESSOR_DEFINITIONS = (
					"DEBUG=1",
					"$(inherited)",
				);
				GCC_WARN_64_TO_32_BIT_CONVERSION = YES;
				GCC_WARN_ABOUT_RETURN_TYPE = YES_ERROR;
				GCC_WARN_UNDECLARED_SELECTOR = YES;
				GCC_WARN_UNINITIALIZED_AUTOS = YES_AGGRESSIVE;
				GCC_WARN_UNUSED_FUNCTION = YES;
				GCC_WARN_UNUSED_VARIABLE = YES;
				IPHONEOS_DEPLOYMENT_TARGET = 13.2;
				MTL_ENABLE_DEBUG_INFO = INCLUDE_SOURCE;
				MTL_FAST_MATH = YES;
				ONLY_ACTIVE_ARCH = YES;
				SDKROOT = iphoneos;
				SWIFT_ACTIVE_COMPILATION_CONDITIONS = DEBUG;
				SWIFT_OPTIMIZATION_LEVEL = "-Onone";
			};
			name = Debug;
		};
		A18391312403C884001CFC62 /* Release */ = {
			isa = XCBuildConfiguration;
			buildSettings = {
				ALWAYS_SEARCH_USER_PATHS = NO;
				CLANG_ANALYZER_NONNULL = YES;
				CLANG_ANALYZER_NUMBER_OBJECT_CONVERSION = YES_AGGRESSIVE;
				CLANG_CXX_LANGUAGE_STANDARD = "gnu++14";
				CLANG_CXX_LIBRARY = "libc++";
				CLANG_ENABLE_MODULES = YES;
				CLANG_ENABLE_OBJC_ARC = YES;
				CLANG_ENABLE_OBJC_WEAK = YES;
				CLANG_WARN_BLOCK_CAPTURE_AUTORELEASING = YES;
				CLANG_WARN_BOOL_CONVERSION = YES;
				CLANG_WARN_COMMA = YES;
				CLANG_WARN_CONSTANT_CONVERSION = YES;
				CLANG_WARN_DEPRECATED_OBJC_IMPLEMENTATIONS = YES;
				CLANG_WARN_DIRECT_OBJC_ISA_USAGE = YES_ERROR;
				CLANG_WARN_DOCUMENTATION_COMMENTS = YES;
				CLANG_WARN_EMPTY_BODY = YES;
				CLANG_WARN_ENUM_CONVERSION = YES;
				CLANG_WARN_INFINITE_RECURSION = YES;
				CLANG_WARN_INT_CONVERSION = YES;
				CLANG_WARN_NON_LITERAL_NULL_CONVERSION = YES;
				CLANG_WARN_OBJC_IMPLICIT_RETAIN_SELF = YES;
				CLANG_WARN_OBJC_LITERAL_CONVERSION = YES;
				CLANG_WARN_OBJC_ROOT_CLASS = YES_ERROR;
				CLANG_WARN_RANGE_LOOP_ANALYSIS = YES;
				CLANG_WARN_STRICT_PROTOTYPES = YES;
				CLANG_WARN_SUSPICIOUS_MOVE = YES;
				CLANG_WARN_UNGUARDED_AVAILABILITY = YES_AGGRESSIVE;
				CLANG_WARN_UNREACHABLE_CODE = YES;
				CLANG_WARN__DUPLICATE_METHOD_MATCH = YES;
				COPY_PHASE_STRIP = NO;
				DEBUG_INFORMATION_FORMAT = "dwarf-with-dsym";
				ENABLE_NS_ASSERTIONS = NO;
				ENABLE_STRICT_OBJC_MSGSEND = YES;
				GCC_C_LANGUAGE_STANDARD = gnu11;
				GCC_NO_COMMON_BLOCKS = YES;
				GCC_WARN_64_TO_32_BIT_CONVERSION = YES;
				GCC_WARN_ABOUT_RETURN_TYPE = YES_ERROR;
				GCC_WARN_UNDECLARED_SELECTOR = YES;
				GCC_WARN_UNINITIALIZED_AUTOS = YES_AGGRESSIVE;
				GCC_WARN_UNUSED_FUNCTION = YES;
				GCC_WARN_UNUSED_VARIABLE = YES;
				IPHONEOS_DEPLOYMENT_TARGET = 13.2;
				MTL_ENABLE_DEBUG_INFO = NO;
				MTL_FAST_MATH = YES;
				SDKROOT = iphoneos;
				SWIFT_COMPILATION_MODE = wholemodule;
				SWIFT_OPTIMIZATION_LEVEL = "-O";
				VALIDATE_PRODUCT = YES;
			};
			name = Release;
		};
		A18391332403C884001CFC62 /* Debug */ = {
			isa = XCBuildConfiguration;
			baseConfigurationReference = 5E7FCF181BCCD0EFDB53B0B2 /* Pods-Umbrella.debug.xcconfig */;
			buildSettings = {
				ASSETCATALOG_COMPILER_APPICON_NAME = AppIcon;
				CODE_SIGN_ENTITLEMENTS = Umbrella/Umbrella.entitlements;
				CODE_SIGN_IDENTITY = "Apple Development";
				CODE_SIGN_STYLE = Automatic;
				DEVELOPMENT_ASSET_PATHS = "\"Umbrella/Preview Content\"";
				DEVELOPMENT_TEAM = UXVYL844HU;
				ENABLE_PREVIEWS = YES;
				INFOPLIST_FILE = Umbrella/Info.plist;
				LD_RUNPATH_SEARCH_PATHS = (
					"$(inherited)",
					"@executable_path/Frameworks",
				);
				PRODUCT_BUNDLE_IDENTIFIER = ettore.Umbrella;
				PRODUCT_NAME = "$(TARGET_NAME)";
				PROVISIONING_PROFILE_SPECIFIER = "";
				SWIFT_VERSION = 5.0;
				TARGETED_DEVICE_FAMILY = "1,2";
			};
			name = Debug;
		};
		A18391342403C884001CFC62 /* Release */ = {
			isa = XCBuildConfiguration;
			baseConfigurationReference = D300B9CB7D172B0A145F1163 /* Pods-Umbrella.release.xcconfig */;
			buildSettings = {
				ASSETCATALOG_COMPILER_APPICON_NAME = AppIcon;
				CODE_SIGN_ENTITLEMENTS = Umbrella/Umbrella.entitlements;
				CODE_SIGN_IDENTITY = "Apple Development";
				CODE_SIGN_STYLE = Automatic;
				DEVELOPMENT_ASSET_PATHS = "\"Umbrella/Preview Content\"";
				DEVELOPMENT_TEAM = UXVYL844HU;
				ENABLE_PREVIEWS = YES;
				INFOPLIST_FILE = Umbrella/Info.plist;
				LD_RUNPATH_SEARCH_PATHS = (
					"$(inherited)",
					"@executable_path/Frameworks",
				);
				PRODUCT_BUNDLE_IDENTIFIER = ettore.Umbrella;
				PRODUCT_NAME = "$(TARGET_NAME)";
				PROVISIONING_PROFILE_SPECIFIER = "";
				SWIFT_VERSION = 5.0;
				TARGETED_DEVICE_FAMILY = "1,2";
			};
			name = Release;
		};
/* End XCBuildConfiguration section */

/* Begin XCConfigurationList section */
		A18391192403C880001CFC62 /* Build configuration list for PBXProject "Umbrella" */ = {
			isa = XCConfigurationList;
			buildConfigurations = (
				A18391302403C884001CFC62 /* Debug */,
				A18391312403C884001CFC62 /* Release */,
			);
			defaultConfigurationIsVisible = 0;
			defaultConfigurationName = Release;
		};
		A18391322403C884001CFC62 /* Build configuration list for PBXNativeTarget "Umbrella" */ = {
			isa = XCConfigurationList;
			buildConfigurations = (
				A18391332403C884001CFC62 /* Debug */,
				A18391342403C884001CFC62 /* Release */,
			);
			defaultConfigurationIsVisible = 0;
			defaultConfigurationName = Release;
		};
/* End XCConfigurationList section */
	};
	rootObject = A18391162403C880001CFC62 /* Project object */;
}
